// !$*UTF8*$!
{
	archiveVersion = 1;
	classes = {
	};
	objectVersion = 46;
	objects = {

/* Begin PBXBuildFile section */
		FD041CC81F55129200829AC6 /* ARKit.framework in Frameworks */ = {isa = PBXBuildFile; fileRef = FD041CC71F55129200829AC6 /* ARKit.framework */; };
		FD151FAB1F41BA880077A3A2 /* main.m in Sources */ = {isa = PBXBuildFile; fileRef = FD151FAA1F41BA880077A3A2 /* main.m */; };
		FD151FAE1F41BA880077A3A2 /* AppDelegate.m in Sources */ = {isa = PBXBuildFile; fileRef = FD151FAD1F41BA880077A3A2 /* AppDelegate.m */; };
		FD151FB11F41BA880077A3A2 /* SceneViewController.m in Sources */ = {isa = PBXBuildFile; fileRef = FD151FB01F41BA880077A3A2 /* SceneViewController.m */; };
		FD151FB61F41BA880077A3A2 /* Assets.xcassets in Resources */ = {isa = PBXBuildFile; fileRef = FD151FB51F41BA880077A3A2 /* Assets.xcassets */; };
		FD151FB91F41BA880077A3A2 /* LaunchScreen.storyboard in Resources */ = {isa = PBXBuildFile; fileRef = FD151FB71F41BA880077A3A2 /* LaunchScreen.storyboard */; };
		FD151FC21F41BBA80077A3A2 /* SceneKit.framework in Frameworks */ = {isa = PBXBuildFile; fileRef = FD151FC11F41BBA80077A3A2 /* SceneKit.framework */; };
		FD151FC41F41BC2A0077A3A2 /* ship.scn in Resources */ = {isa = PBXBuildFile; fileRef = FD151FC31F41BC2A0077A3A2 /* ship.scn */; };
		FD151FCA1F41BE520077A3A2 /* monkey.dae in Resources */ = {isa = PBXBuildFile; fileRef = FD151FC91F41BE520077A3A2 /* monkey.dae */; };
		FD151FCC1F41BF330077A3A2 /* man.dae in Resources */ = {isa = PBXBuildFile; fileRef = FD151FCB1F41BF330077A3A2 /* man.dae */; };
		FD217B631F5511C90052F6DF /* ARViewController.m in Sources */ = {isa = PBXBuildFile; fileRef = FD217B621F5511C90052F6DF /* ARViewController.m */; };
		FD6D72901F443527002CED1B /* man11.obj in Resources */ = {isa = PBXBuildFile; fileRef = FD6D728F1F443527002CED1B /* man11.obj */; };
		FD6D72921F4436F8002CED1B /* texture.png in Resources */ = {isa = PBXBuildFile; fileRef = FD6D72911F4436F8002CED1B /* texture.png */; };
		FD6D72951F45634D002CED1B /* RootViewController.m in Sources */ = {isa = PBXBuildFile; fileRef = FD6D72941F45634D002CED1B /* RootViewController.m */; };
		FD6D72971F457B3F002CED1B /* house.jpg in Resources */ = {isa = PBXBuildFile; fileRef = FD6D72961F457B3F002CED1B /* house.jpg */; };
/* End PBXBuildFile section */

/* Begin PBXFileReference section */
		FD041CC71F55129200829AC6 /* ARKit.framework */ = {isa = PBXFileReference; lastKnownFileType = wrapper.framework; name = ARKit.framework; path = System/Library/Frameworks/ARKit.framework; sourceTree = SDKROOT; };
		FD151FA61F41BA880077A3A2 /* SceneKitDemo.app */ = {isa = PBXFileReference; explicitFileType = wrapper.application; includeInIndex = 0; path = SceneKitDemo.app; sourceTree = BUILT_PRODUCTS_DIR; };
		FD151FAA1F41BA880077A3A2 /* main.m */ = {isa = PBXFileReference; lastKnownFileType = sourcecode.c.objc; path = main.m; sourceTree = "<group>"; };
		FD151FAC1F41BA880077A3A2 /* AppDelegate.h */ = {isa = PBXFileReference; lastKnownFileType = sourcecode.c.h; path = AppDelegate.h; sourceTree = "<group>"; };
		FD151FAD1F41BA880077A3A2 /* AppDelegate.m */ = {isa = PBXFileReference; lastKnownFileType = sourcecode.c.objc; path = AppDelegate.m; sourceTree = "<group>"; };
		FD151FAF1F41BA880077A3A2 /* SceneViewController.h */ = {isa = PBXFileReference; lastKnownFileType = sourcecode.c.h; path = SceneViewController.h; sourceTree = "<group>"; };
		FD151FB01F41BA880077A3A2 /* SceneViewController.m */ = {isa = PBXFileReference; lastKnownFileType = sourcecode.c.objc; path = SceneViewController.m; sourceTree = "<group>"; };
		FD151FB51F41BA880077A3A2 /* Assets.xcassets */ = {isa = PBXFileReference; lastKnownFileType = folder.assetcatalog; path = Assets.xcassets; sourceTree = "<group>"; };
		FD151FB81F41BA880077A3A2 /* Base */ = {isa = PBXFileReference; lastKnownFileType = file.storyboard; name = Base; path = Base.lproj/LaunchScreen.storyboard; sourceTree = "<group>"; };
		FD151FBA1F41BA880077A3A2 /* Info.plist */ = {isa = PBXFileReference; lastKnownFileType = text.plist.xml; path = Info.plist; sourceTree = "<group>"; };
		FD151FC11F41BBA80077A3A2 /* SceneKit.framework */ = {isa = PBXFileReference; lastKnownFileType = wrapper.framework; name = SceneKit.framework; path = System/Library/Frameworks/SceneKit.framework; sourceTree = SDKROOT; };
		FD151FC31F41BC2A0077A3A2 /* ship.scn */ = {isa = PBXFileReference; lastKnownFileType = file.bplist; path = ship.scn; sourceTree = "<group>"; };
		FD151FC91F41BE520077A3A2 /* monkey.dae */ = {isa = PBXFileReference; fileEncoding = 4; lastKnownFileType = text.xml.dae; path = monkey.dae; sourceTree = "<group>"; };
		FD151FCB1F41BF330077A3A2 /* man.dae */ = {isa = PBXFileReference; fileEncoding = 4; lastKnownFileType = text.xml.dae; path = man.dae; sourceTree = "<group>"; };
		FD217B611F5511C90052F6DF /* ARViewController.h */ = {isa = PBXFileReference; fileEncoding = 4; lastKnownFileType = sourcecode.c.h; path = ARViewController.h; sourceTree = "<group>"; };
		FD217B621F5511C90052F6DF /* ARViewController.m */ = {isa = PBXFileReference; fileEncoding = 4; lastKnownFileType = sourcecode.c.objc; path = ARViewController.m; sourceTree = "<group>"; };
		FD6D728F1F443527002CED1B /* man11.obj */ = {isa = PBXFileReference; fileEncoding = 4; lastKnownFileType = text; path = man11.obj; sourceTree = "<group>"; };
		FD6D72911F4436F8002CED1B /* texture.png */ = {isa = PBXFileReference; lastKnownFileType = image.png; path = texture.png; sourceTree = "<group>"; };
		FD6D72931F45634D002CED1B /* RootViewController.h */ = {isa = PBXFileReference; fileEncoding = 4; lastKnownFileType = sourcecode.c.h; path = RootViewController.h; sourceTree = "<group>"; };
		FD6D72941F45634D002CED1B /* RootViewController.m */ = {isa = PBXFileReference; fileEncoding = 4; lastKnownFileType = sourcecode.c.objc; path = RootViewController.m; sourceTree = "<group>"; };
		FD6D72961F457B3F002CED1B /* house.jpg */ = {isa = PBXFileReference; lastKnownFileType = image.jpeg; path = house.jpg; sourceTree = "<group>"; };
/* End PBXFileReference section */

/* Begin PBXFrameworksBuildPhase section */
		FD151FA31F41BA880077A3A2 /* Frameworks */ = {
			isa = PBXFrameworksBuildPhase;
			buildActionMask = 2147483647;
			files = (
				FD041CC81F55129200829AC6 /* ARKit.framework in Frameworks */,
				FD151FC21F41BBA80077A3A2 /* SceneKit.framework in Frameworks */,
			);
			runOnlyForDeploymentPostprocessing = 0;
		};
/* End PBXFrameworksBuildPhase section */

/* Begin PBXGroup section */
		FD151F9D1F41BA880077A3A2 = {
			isa = PBXGroup;
			children = (
				FD151FA81F41BA880077A3A2 /* SceneKitDemo */,
				FD151FA71F41BA880077A3A2 /* Products */,
				FD151FC01F41BBA80077A3A2 /* Frameworks */,
			);
			sourceTree = "<group>";
		};
		FD151FA71F41BA880077A3A2 /* Products */ = {
			isa = PBXGroup;
			children = (
				FD151FA61F41BA880077A3A2 /* SceneKitDemo.app */,
			);
			name = Products;
			sourceTree = "<group>";
		};
		FD151FA81F41BA880077A3A2 /* SceneKitDemo */ = {
			isa = PBXGroup;
			children = (
				FD151FC31F41BC2A0077A3A2 /* ship.scn */,
				FD6D72911F4436F8002CED1B /* texture.png */,
				FD151FC91F41BE520077A3A2 /* monkey.dae */,
				FD151FCB1F41BF330077A3A2 /* man.dae */,
				FD6D728F1F443527002CED1B /* man11.obj */,
				FD6D72961F457B3F002CED1B /* house.jpg */,
				FD151FAC1F41BA880077A3A2 /* AppDelegate.h */,
				FD151FAD1F41BA880077A3A2 /* AppDelegate.m */,
				FD6D72931F45634D002CED1B /* RootViewController.h */,
				FD6D72941F45634D002CED1B /* RootViewController.m */,
				FD151FAF1F41BA880077A3A2 /* SceneViewController.h */,
				FD151FB01F41BA880077A3A2 /* SceneViewController.m */,
				FD217B611F5511C90052F6DF /* ARViewController.h */,
				FD217B621F5511C90052F6DF /* ARViewController.m */,
				FD151FB51F41BA880077A3A2 /* Assets.xcassets */,
				FD151FB71F41BA880077A3A2 /* LaunchScreen.storyboard */,
				FD151FBA1F41BA880077A3A2 /* Info.plist */,
				FD151FA91F41BA880077A3A2 /* Supporting Files */,
			);
			path = SceneKitDemo;
			sourceTree = "<group>";
		};
		FD151FA91F41BA880077A3A2 /* Supporting Files */ = {
			isa = PBXGroup;
			children = (
				FD151FAA1F41BA880077A3A2 /* main.m */,
			);
			name = "Supporting Files";
			sourceTree = "<group>";
		};
		FD151FC01F41BBA80077A3A2 /* Frameworks */ = {
			isa = PBXGroup;
			children = (
				FD041CC71F55129200829AC6 /* ARKit.framework */,
				FD151FC11F41BBA80077A3A2 /* SceneKit.framework */,
			);
			name = Frameworks;
			sourceTree = "<group>";
		};
/* End PBXGroup section */

/* Begin PBXNativeTarget section */
		FD151FA51F41BA880077A3A2 /* SceneKitDemo */ = {
			isa = PBXNativeTarget;
			buildConfigurationList = FD151FBD1F41BA880077A3A2 /* Build configuration list for PBXNativeTarget "SceneKitDemo" */;
			buildPhases = (
				FD151FA21F41BA880077A3A2 /* Sources */,
				FD151FA31F41BA880077A3A2 /* Frameworks */,
				FD151FA41F41BA880077A3A2 /* Resources */,
			);
			buildRules = (
			);
			dependencies = (
			);
			name = SceneKitDemo;
			productName = SceneKitDemo;
			productReference = FD151FA61F41BA880077A3A2 /* SceneKitDemo.app */;
			productType = "com.apple.product-type.application";
		};
/* End PBXNativeTarget section */

/* Begin PBXProject section */
		FD151F9E1F41BA880077A3A2 /* Project object */ = {
			isa = PBXProject;
			attributes = {
				LastUpgradeCheck = 0830;
				ORGANIZATIONNAME = "张贝贝";
				TargetAttributes = {
					FD151FA51F41BA880077A3A2 = {
						CreatedOnToolsVersion = 8.3.3;
						DevelopmentTeam = KYACQ4K486;
						ProvisioningStyle = Manual;
					};
				};
			};
			buildConfigurationList = FD151FA11F41BA880077A3A2 /* Build configuration list for PBXProject "SceneKitDemo" */;
			compatibilityVersion = "Xcode 3.2";
			developmentRegion = English;
			hasScannedForEncodings = 0;
			knownRegions = (
				en,
				Base,
			);
			mainGroup = FD151F9D1F41BA880077A3A2;
			productRefGroup = FD151FA71F41BA880077A3A2 /* Products */;
			projectDirPath = "";
			projectRoot = "";
			targets = (
				FD151FA51F41BA880077A3A2 /* SceneKitDemo */,
			);
		};
/* End PBXProject section */

/* Begin PBXResourcesBuildPhase section */
		FD151FA41F41BA880077A3A2 /* Resources */ = {
			isa = PBXResourcesBuildPhase;
			buildActionMask = 2147483647;
			files = (
				FD6D72901F443527002CED1B /* man11.obj in Resources */,
				FD6D72921F4436F8002CED1B /* texture.png in Resources */,
				FD151FB91F41BA880077A3A2 /* LaunchScreen.storyboard in Resources */,
				FD6D72971F457B3F002CED1B /* house.jpg in Resources */,
				FD151FB61F41BA880077A3A2 /* Assets.xcassets in Resources */,
				FD151FCC1F41BF330077A3A2 /* man.dae in Resources */,
				FD151FCA1F41BE520077A3A2 /* monkey.dae in Resources */,
				FD151FC41F41BC2A0077A3A2 /* ship.scn in Resources */,
			);
			runOnlyForDeploymentPostprocessing = 0;
		};
/* End PBXResourcesBuildPhase section */

/* Begin PBXSourcesBuildPhase section */
		FD151FA21F41BA880077A3A2 /* Sources */ = {
			isa = PBXSourcesBuildPhase;
			buildActionMask = 2147483647;
			files = (
				FD151FB11F41BA880077A3A2 /* SceneViewController.m in Sources */,
				FD151FAE1F41BA880077A3A2 /* AppDelegate.m in Sources */,
				FD6D72951F45634D002CED1B /* RootViewController.m in Sources */,
				FD151FAB1F41BA880077A3A2 /* main.m in Sources */,
				FD217B631F5511C90052F6DF /* ARViewController.m in Sources */,
			);
			runOnlyForDeploymentPostprocessing = 0;
		};
/* End PBXSourcesBuildPhase section */

/* Begin PBXVariantGroup section */
		FD151FB71F41BA880077A3A2 /* LaunchScreen.storyboard */ = {
			isa = PBXVariantGroup;
			children = (
				FD151FB81F41BA880077A3A2 /* Base */,
			);
			name = LaunchScreen.storyboard;
			sourceTree = "<group>";
		};
/* End PBXVariantGroup section */

/* Begin XCBuildConfiguration section */
		FD151FBB1F41BA880077A3A2 /* Debug */ = {
			isa = XCBuildConfiguration;
			buildSettings = {
				ALWAYS_SEARCH_USER_PATHS = NO;
				CLANG_ANALYZER_NONNULL = YES;
				CLANG_ANALYZER_NUMBER_OBJECT_CONVERSION = YES_AGGRESSIVE;
				CLANG_CXX_LANGUAGE_STANDARD = "gnu++0x";
				CLANG_CXX_LIBRARY = "libc++";
				CLANG_ENABLE_MODULES = YES;
				CLANG_ENABLE_OBJC_ARC = YES;
				CLANG_WARN_BOOL_CONVERSION = YES;
				CLANG_WARN_CONSTANT_CONVERSION = YES;
				CLANG_WARN_DIRECT_OBJC_ISA_USAGE = YES_ERROR;
				CLANG_WARN_DOCUMENTATION_COMMENTS = YES;
				CLANG_WARN_EMPTY_BODY = YES;
				CLANG_WARN_ENUM_CONVERSION = YES;
				CLANG_WARN_INFINITE_RECURSION = YES;
				CLANG_WARN_INT_CONVERSION = YES;
				CLANG_WARN_OBJC_ROOT_CLASS = YES_ERROR;
				CLANG_WARN_SUSPICIOUS_MOVE = YES;
				CLANG_WARN_UNREACHABLE_CODE = YES;
				CLANG_WARN__DUPLICATE_METHOD_MATCH = YES;
				"CODE_SIGN_IDENTITY[sdk=iphoneos*]" = "iPhone Developer";
				COPY_PHASE_STRIP = NO;
				DEBUG_INFORMATION_FORMAT = dwarf;
				ENABLE_STRICT_OBJC_MSGSEND = YES;
				ENABLE_TESTABILITY = YES;
				GCC_C_LANGUAGE_STANDARD = gnu99;
				GCC_DYNAMIC_NO_PIC = NO;
				GCC_NO_COMMON_BLOCKS = YES;
				GCC_OPTIMIZATION_LEVEL = 0;
				GCC_PREPROCESSOR_DEFINITIONS = (
					"DEBUG=1",
					"$(inherited)",
				);
				GCC_WARN_64_TO_32_BIT_CONVERSION = YES;
				GCC_WARN_ABOUT_RETURN_TYPE = YES_ERROR;
				GCC_WARN_UNDECLARED_SELECTOR = YES;
				GCC_WARN_UNINITIALIZED_AUTOS = YES_AGGRESSIVE;
				GCC_WARN_UNUSED_FUNCTION = YES;
				GCC_WARN_UNUSED_VARIABLE = YES;
				IPHONEOS_DEPLOYMENT_TARGET = 10.3;
				MTL_ENABLE_DEBUG_INFO = YES;
				ONLY_ACTIVE_ARCH = YES;
				SDKROOT = iphoneos;
				TARGETED_DEVICE_FAMILY = "1,2";
			};
			name = Debug;
		};
		FD151FBC1F41BA880077A3A2 /* Release */ = {
			isa = XCBuildConfiguration;
			buildSettings = {
				ALWAYS_SEARCH_USER_PATHS = NO;
				CLANG_ANALYZER_NONNULL = YES;
				CLANG_ANALYZER_NUMBER_OBJECT_CONVERSION = YES_AGGRESSIVE;
				CLANG_CXX_LANGUAGE_STANDARD = "gnu++0x";
				CLANG_CXX_LIBRARY = "libc++";
				CLANG_ENABLE_MODULES = YES;
				CLANG_ENABLE_OBJC_ARC = YES;
				CLANG_WARN_BOOL_CONVERSION = YES;
				CLANG_WARN_CONSTANT_CONVERSION = YES;
				CLANG_WARN_DIRECT_OBJC_ISA_USAGE = YES_ERROR;
				CLANG_WARN_DOCUMENTATION_COMMENTS = YES;
				CLANG_WARN_EMPTY_BODY = YES;
				CLANG_WARN_ENUM_CONVERSION = YES;
				CLANG_WARN_INFINITE_RECURSION = YES;
				CLANG_WARN_INT_CONVERSION = YES;
				CLANG_WARN_OBJC_ROOT_CLASS = YES_ERROR;
				CLANG_WARN_SUSPICIOUS_MOVE = YES;
				CLANG_WARN_UNREACHABLE_CODE = YES;
				CLANG_WARN__DUPLICATE_METHOD_MATCH = YES;
				"CODE_SIGN_IDENTITY[sdk=iphoneos*]" = "iPhone Developer";
				COPY_PHASE_STRIP = NO;
				DEBUG_INFORMATION_FORMAT = "dwarf-with-dsym";
				ENABLE_NS_ASSERTIONS = NO;
				ENABLE_STRICT_OBJC_MSGSEND = YES;
				GCC_C_LANGUAGE_STANDARD = gnu99;
				GCC_NO_COMMON_BLOCKS = YES;
				GCC_WARN_64_TO_32_BIT_CONVERSION = YES;
				GCC_WARN_ABOUT_RETURN_TYPE = YES_ERROR;
				GCC_WARN_UNDECLARED_SELECTOR = YES;
				GCC_WARN_UNINITIALIZED_AUTOS = YES_AGGRESSIVE;
				GCC_WARN_UNUSED_FUNCTION = YES;
				GCC_WARN_UNUSED_VARIABLE = YES;
				IPHONEOS_DEPLOYMENT_TARGET = 10.3;
				MTL_ENABLE_DEBUG_INFO = NO;
				SDKROOT = iphoneos;
				TARGETED_DEVICE_FAMILY = "1,2";
				VALIDATE_PRODUCT = YES;
			};
			name = Release;
		};
		FD151FBE1F41BA880077A3A2 /* Debug */ = {
			isa = XCBuildConfiguration;
			buildSettings = {
				ASSETCATALOG_COMPILER_APPICON_NAME = AppIcon;
				DEVELOPMENT_TEAM = KYACQ4K486;
				INFOPLIST_FILE = SceneKitDemo/Info.plist;
				IPHONEOS_DEPLOYMENT_TARGET = 10.0;
				LD_RUNPATH_SEARCH_PATHS = "$(inherited) @executable_path/Frameworks";
				PRODUCT_BUNDLE_IDENTIFIER = com.gome.gomeEShop;
				PRODUCT_NAME = "$(TARGET_NAME)";
				PROVISIONING_PROFILE = "5e6d754e-84f8-42c5-8b4c-45daf7c696ba";
				PROVISIONING_PROFILE_SPECIFIER = Dev_GM_GomeEShop;
			};
			name = Debug;
		};
		FD151FBF1F41BA880077A3A2 /* Release */ = {
			isa = XCBuildConfiguration;
			buildSettings = {
				ASSETCATALOG_COMPILER_APPICON_NAME = AppIcon;
				DEVELOPMENT_TEAM = KYACQ4K486;
				INFOPLIST_FILE = SceneKitDemo/Info.plist;
				IPHONEOS_DEPLOYMENT_TARGET = 10.0;
				LD_RUNPATH_SEARCH_PATHS = "$(inherited) @executable_path/Frameworks";
				PRODUCT_BUNDLE_IDENTIFIER = com.gome.gomeEShop;
				PRODUCT_NAME = "$(TARGET_NAME)";
				PROVISIONING_PROFILE = "5e6d754e-84f8-42c5-8b4c-45daf7c696ba";
				PROVISIONING_PROFILE_SPECIFIER = Dev_GM_GomeEShop;
			};
			name = Release;
		};
/* End XCBuildConfiguration section */

/* Begin XCConfigurationList section */
		FD151FA11F41BA880077A3A2 /* Build configuration list for PBXProject "SceneKitDemo" */ = {
			isa = XCConfigurationList;
			buildConfigurations = (
				FD151FBB1F41BA880077A3A2 /* Debug */,
				FD151FBC1F41BA880077A3A2 /* Release */,
			);
			defaultConfigurationIsVisible = 0;
			defaultConfigurationName = Release;
		};
		FD151FBD1F41BA880077A3A2 /* Build configuration list for PBXNativeTarget "SceneKitDemo" */ = {
			isa = XCConfigurationList;
			buildConfigurations = (
				FD151FBE1F41BA880077A3A2 /* Debug */,
				FD151FBF1F41BA880077A3A2 /* Release */,
			);
			defaultConfigurationIsVisible = 0;
			defaultConfigurationName = Release;
		};
/* End XCConfigurationList section */
	};
	rootObject = FD151F9E1F41BA880077A3A2 /* Project object */;
}
